
Microsoft Visual Studio Solution File, Format Version 12.00
# Visual Studio 15
VisualStudioVersion = 15.0.27703.2035
MinimumVisualStudioVersion = 10.0.40219.1
Project("{FAE04EC0-301F-11D3-BF4B-00C04F79EFBC}") = "Common", "Common\Common.csproj", "{55E27C1E-ECFB-4E6F-B5E0-508C882DDDAB}"
EndProject
Project("{FAE04EC0-301F-11D3-BF4B-00C04F79EFBC}") = "UCommon", "UCommon\UCommon.csproj", "{02F92370-D9A3-4A6B-8B7D-717315A01145}"
EndProject
Project("{FAE04EC0-301F-11D3-BF4B-00C04F79EFBC}") = "ObjectPool", "ObjectPool\ObjectPool.csproj", "{928F29DB-DF3A-49A3-9573-C4257F663144}"
EndProject
Project("{FAE04EC0-301F-11D3-BF4B-00C04F79EFBC}") = "SerialPort", "SerialPort\SerialPort.csproj", "{42264E88-9EA8-4932-B40C-E0D1CA6E292F}"
EndProject
Project("{FAE04EC0-301F-11D3-BF4B-00C04F79EFBC}") = "Graph", "Graph\Graph.csproj", "{C5AA355E-267D-4D1A-93C0-EB6932F10E79}"
EndProject
Project("{FAE04EC0-301F-11D3-BF4B-00C04F79EFBC}") = "Media", "Media\Media.csproj", "{1D76B570-7064-4A8A-987F-1D4F003B316A}"
EndProject
Project("{FAE04EC0-301F-11D3-BF4B-00C04F79EFBC}") = "UIMap", "UIMap\UIMap.csproj", "{9D8A0FED-A02E-4033-A296-FFDB53261643}"
EndProject
Project("{FAE04EC0-301F-11D3-BF4B-00C04F79EFBC}") = "UIMapEditor", "UIMapEditor\UIMapEditor.csproj", "{2A624EB1-7445-40DA-954E-5464562EA84F}"
EndProject
Project("{FAE04EC0-301F-11D3-BF4B-00C04F79EFBC}") = "Meter", "Meter\Meter.csproj", "{9EB4EF70-1B1E-42A6-9A9B-DBE9B67625F4}"
EndProject
Project("{FAE04EC0-301F-11D3-BF4B-00C04F79EFBC}") = "MeterEditor", "MeterEditor\MeterEditor.csproj", "{0C36011D-BFF8-403D-A7E6-5A9A5B43D0E8}"
EndProject
Project("{FAE04EC0-301F-11D3-BF4B-00C04F79EFBC}") = "UCamera", "UCamera\UCamera.csproj", "{FF673FC2-75E0-49A0-B0D9-C40CA1F0D2D6}"
EndProject
Project("{FAE04EC0-301F-11D3-BF4B-00C04F79EFBC}") = "UCameraEditor", "UCameraEditor\UCameraEditor.csproj", "{60193E51-2A46-4AE3-BEB2-C666243FB26C}"
EndProject
Project("{FAE04EC0-301F-11D3-BF4B-00C04F79EFBC}") = "UCommonEditor", "UCommonEditor\UCommonEditor.csproj", "{522C0820-E5F6-4BD9-A1E3-FE2E1A1E2CE2}"
EndProject
Project("{FAE04EC0-301F-11D3-BF4B-00C04F79EFBC}") = "CurvePath", "CurvePath\CurvePath.csproj", "{F1D69A8E-1D1C-46E1-9AFD-989DE797B4F4}"
EndProject
Project("{FAE04EC0-301F-11D3-BF4B-00C04F79EFBC}") = "CurvePathEditor", "CurvePathEditor\CurvePathEditor.csproj", "{EF553A94-8DBE-4386-A891-D07FE500BC25}"
EndProject
Project("{FAE04EC0-301F-11D3-BF4B-00C04F79EFBC}") = "WinLibrary", "WinLibrary\WinLibrary.csproj", "{C2C66F9C-7DEF-46AA-88D0-C3DCB71CFB5E}"
EndProject
Project("{FAE04EC0-301F-11D3-BF4B-00C04F79EFBC}") = "WinCommon", "WinCommon\WinCommon.csproj", "{93887DA2-F638-4CA4-8A7D-7FF06407C8CD}"
EndProject
Project("{FAE04EC0-301F-11D3-BF4B-00C04F79EFBC}") = "ElecEquipment", "ElecEquipment\ElecEquipment.csproj", "{1AE82A00-F9F4-4E09-9F19-F55A860258A3}"
EndProject
Project("{FAE04EC0-301F-11D3-BF4B-00C04F79EFBC}") = "ElecEquipmentEditor", "ElecEquipmentEditor\ElecEquipmentEditor.csproj", "{32FE7446-4544-43A6-BACE-387026B0D2F8}"
EndProject
Project("{FAE04EC0-301F-11D3-BF4B-00C04F79EFBC}") = "SkinnedMesh", "SkinnedMesh\SkinnedMesh.csproj", "{AD7E2966-AAEA-4A99-8790-B1C4375CB15F}"
EndProject
Project("{FAE04EC0-301F-11D3-BF4B-00C04F79EFBC}") = "SkinnedMeshEditor", "SkinnedMeshEditor\SkinnedMeshEditor.csproj", "{0BB4CB52-8530-4D5F-91C2-C8DFBC550267}"
EndProject
Project("{FAE04EC0-301F-11D3-BF4B-00C04F79EFBC}") = "UAnimation", "UAnimation\UAnimation.csproj", "{EF9EED23-BD47-47D8-9CF7-697E39014F93}"
EndProject
Project("{FAE04EC0-301F-11D3-BF4B-00C04F79EFBC}") = "UAnimationEditor", "UAnimationEditor\UAnimationEditor.csproj", "{471042E9-6E90-4D5D-BCAC-64478185B580}"
EndProject
Project("{FAE04EC0-301F-11D3-BF4B-00C04F79EFBC}") = "UGUI", "UGUI\UGUI.csproj", "{1CA35D5A-91F0-4480-BDFF-2C8DE47CF5C4}"
EndProject
Project("{FAE04EC0-301F-11D3-BF4B-00C04F79EFBC}") = "UGUIEditor", "UGUIEditor\UGUIEditor.csproj", "{4724527B-1E78-4E30-9F33-F32DA26D6A6D}"
EndProject
Project("{FAE04EC0-301F-11D3-BF4B-00C04F79EFBC}") = "Machinery", "Machinery\Machinery.csproj", "{983323D7-60ED-4A74-AD9E-A207594A6C65}"
EndProject
Project("{FAE04EC0-301F-11D3-BF4B-00C04F79EFBC}") = "MachineryEditor", "MachineryEditor\MachineryEditor.csproj", "{20DF934B-0B24-4A97-B6BD-391A08E7B4CF}"
EndProject
Project("{FAE04EC0-301F-11D3-BF4B-00C04F79EFBC}") = "OrderServo", "OrderServo\OrderServo.csproj", "{70F450E1-4E5F-45F7-9202-78803C8CC225}"
EndProject
Project("{FAE04EC0-301F-11D3-BF4B-00C04F79EFBC}") = "Compress", "Compress\Compress.csproj", "{1D277EBB-586D-4FB0-A2B3-C2218B6EB1EA}"
EndProject
Project("{FAE04EC0-301F-11D3-BF4B-00C04F79EFBC}") = "Logger", "Logger\Logger.csproj", "{E77FBCC0-1D82-41A0-A771-9D356E2D68F6}"
EndProject
Global
	GlobalSection(SolutionConfigurationPlatforms) = preSolution
		Debug|Any CPU = Debug|Any CPU
		Release|Any CPU = Release|Any CPU
	EndGlobalSection
	GlobalSection(ProjectConfigurationPlatforms) = postSolution
		{55E27C1E-ECFB-4E6F-B5E0-508C882DDDAB}.Debug|Any CPU.ActiveCfg = Debug|Any CPU
		{55E27C1E-ECFB-4E6F-B5E0-508C882DDDAB}.Debug|Any CPU.Build.0 = Debug|Any CPU
		{55E27C1E-ECFB-4E6F-B5E0-508C882DDDAB}.Release|Any CPU.ActiveCfg = Release|Any CPU
		{55E27C1E-ECFB-4E6F-B5E0-508C882DDDAB}.Release|Any CPU.Build.0 = Release|Any CPU
		{02F92370-D9A3-4A6B-8B7D-717315A01145}.Debug|Any CPU.ActiveCfg = Debug|Any CPU
		{02F92370-D9A3-4A6B-8B7D-717315A01145}.Debug|Any CPU.Build.0 = Debug|Any CPU
		{02F92370-D9A3-4A6B-8B7D-717315A01145}.Release|Any CPU.ActiveCfg = Release|Any CPU
		{02F92370-D9A3-4A6B-8B7D-717315A01145}.Release|Any CPU.Build.0 = Release|Any CPU
		{928F29DB-DF3A-49A3-9573-C4257F663144}.Debug|Any CPU.ActiveCfg = Debug|Any CPU
		{928F29DB-DF3A-49A3-9573-C4257F663144}.Debug|Any CPU.Build.0 = Debug|Any CPU
		{928F29DB-DF3A-49A3-9573-C4257F663144}.Release|Any CPU.ActiveCfg = Release|Any CPU
		{928F29DB-DF3A-49A3-9573-C4257F663144}.Release|Any CPU.Build.0 = Release|Any CPU
		{42264E88-9EA8-4932-B40C-E0D1CA6E292F}.Debug|Any CPU.ActiveCfg = Debug|Any CPU
		{42264E88-9EA8-4932-B40C-E0D1CA6E292F}.Debug|Any CPU.Build.0 = Debug|Any CPU
		{42264E88-9EA8-4932-B40C-E0D1CA6E292F}.Release|Any CPU.ActiveCfg = Release|Any CPU
		{42264E88-9EA8-4932-B40C-E0D1CA6E292F}.Release|Any CPU.Build.0 = Release|Any CPU
		{C5AA355E-267D-4D1A-93C0-EB6932F10E79}.Debug|Any CPU.ActiveCfg = Debug|Any CPU
		{C5AA355E-267D-4D1A-93C0-EB6932F10E79}.Debug|Any CPU.Build.0 = Debug|Any CPU
		{C5AA355E-267D-4D1A-93C0-EB6932F10E79}.Release|Any CPU.ActiveCfg = Release|Any CPU
		{C5AA355E-267D-4D1A-93C0-EB6932F10E79}.Release|Any CPU.Build.0 = Release|Any CPU
		{1D76B570-7064-4A8A-987F-1D4F003B316A}.Debug|Any CPU.ActiveCfg = Debug|Any CPU
		{1D76B570-7064-4A8A-987F-1D4F003B316A}.Debug|Any CPU.Build.0 = Debug|Any CPU
		{1D76B570-7064-4A8A-987F-1D4F003B316A}.Release|Any CPU.ActiveCfg = Release|Any CPU
		{1D76B570-7064-4A8A-987F-1D4F003B316A}.Release|Any CPU.Build.0 = Release|Any CPU
		{9D8A0FED-A02E-4033-A296-FFDB53261643}.Debug|Any CPU.ActiveCfg = Debug|Any CPU
		{9D8A0FED-A02E-4033-A296-FFDB53261643}.Debug|Any CPU.Build.0 = Debug|Any CPU
		{9D8A0FED-A02E-4033-A296-FFDB53261643}.Release|Any CPU.ActiveCfg = Release|Any CPU
		{9D8A0FED-A02E-4033-A296-FFDB53261643}.Release|Any CPU.Build.0 = Release|Any CPU
		{2A624EB1-7445-40DA-954E-5464562EA84F}.Debug|Any CPU.ActiveCfg = Debug|Any CPU
		{2A624EB1-7445-40DA-954E-5464562EA84F}.Debug|Any CPU.Build.0 = Debug|Any CPU
		{2A624EB1-7445-40DA-954E-5464562EA84F}.Release|Any CPU.ActiveCfg = Release|Any CPU
		{2A624EB1-7445-40DA-954E-5464562EA84F}.Release|Any CPU.Build.0 = Release|Any CPU
		{9EB4EF70-1B1E-42A6-9A9B-DBE9B67625F4}.Debug|Any CPU.ActiveCfg = Debug|Any CPU
		{9EB4EF70-1B1E-42A6-9A9B-DBE9B67625F4}.Debug|Any CPU.Build.0 = Debug|Any CPU
		{9EB4EF70-1B1E-42A6-9A9B-DBE9B67625F4}.Release|Any CPU.ActiveCfg = Release|Any CPU
		{9EB4EF70-1B1E-42A6-9A9B-DBE9B67625F4}.Release|Any CPU.Build.0 = Release|Any CPU
		{0C36011D-BFF8-403D-A7E6-5A9A5B43D0E8}.Debug|Any CPU.ActiveCfg = Debug|Any CPU
		{0C36011D-BFF8-403D-A7E6-5A9A5B43D0E8}.Debug|Any CPU.Build.0 = Debug|Any CPU
		{0C36011D-BFF8-403D-A7E6-5A9A5B43D0E8}.Release|Any CPU.ActiveCfg = Release|Any CPU
		{0C36011D-BFF8-403D-A7E6-5A9A5B43D0E8}.Release|Any CPU.Build.0 = Release|Any CPU
		{FF673FC2-75E0-49A0-B0D9-C40CA1F0D2D6}.Debug|Any CPU.ActiveCfg = Debug|Any CPU
		{FF673FC2-75E0-49A0-B0D9-C40CA1F0D2D6}.Debug|Any CPU.Build.0 = Debug|Any CPU
		{FF673FC2-75E0-49A0-B0D9-C40CA1F0D2D6}.Release|Any CPU.ActiveCfg = Release|Any CPU
		{FF673FC2-75E0-49A0-B0D9-C40CA1F0D2D6}.Release|Any CPU.Build.0 = Release|Any CPU
		{60193E51-2A46-4AE3-BEB2-C666243FB26C}.Debug|Any CPU.ActiveCfg = Debug|Any CPU
		{60193E51-2A46-4AE3-BEB2-C666243FB26C}.Debug|Any CPU.Build.0 = Debug|Any CPU
		{60193E51-2A46-4AE3-BEB2-C666243FB26C}.Release|Any CPU.ActiveCfg = Release|Any CPU
		{60193E51-2A46-4AE3-BEB2-C666243FB26C}.Release|Any CPU.Build.0 = Release|Any CPU
		{522C0820-E5F6-4BD9-A1E3-FE2E1A1E2CE2}.Debug|Any CPU.ActiveCfg = Debug|Any CPU
		{522C0820-E5F6-4BD9-A1E3-FE2E1A1E2CE2}.Debug|Any CPU.Build.0 = Debug|Any CPU
		{522C0820-E5F6-4BD9-A1E3-FE2E1A1E2CE2}.Release|Any CPU.ActiveCfg = Release|Any CPU
		{522C0820-E5F6-4BD9-A1E3-FE2E1A1E2CE2}.Release|Any CPU.Build.0 = Release|Any CPU
		{F1D69A8E-1D1C-46E1-9AFD-989DE797B4F4}.Debug|Any CPU.ActiveCfg = Debug|Any CPU
		{F1D69A8E-1D1C-46E1-9AFD-989DE797B4F4}.Debug|Any CPU.Build.0 = Debug|Any CPU
		{F1D69A8E-1D1C-46E1-9AFD-989DE797B4F4}.Release|Any CPU.ActiveCfg = Release|Any CPU
		{F1D69A8E-1D1C-46E1-9AFD-989DE797B4F4}.Release|Any CPU.Build.0 = Release|Any CPU
		{EF553A94-8DBE-4386-A891-D07FE500BC25}.Debug|Any CPU.ActiveCfg = Debug|Any CPU
		{EF553A94-8DBE-4386-A891-D07FE500BC25}.Debug|Any CPU.Build.0 = Debug|Any CPU
		{EF553A94-8DBE-4386-A891-D07FE500BC25}.Release|Any CPU.ActiveCfg = Release|Any CPU
		{EF553A94-8DBE-4386-A891-D07FE500BC25}.Release|Any CPU.Build.0 = Release|Any CPU
		{C2C66F9C-7DEF-46AA-88D0-C3DCB71CFB5E}.Debug|Any CPU.ActiveCfg = Debug|Any CPU
		{C2C66F9C-7DEF-46AA-88D0-C3DCB71CFB5E}.Debug|Any CPU.Build.0 = Debug|Any CPU
		{C2C66F9C-7DEF-46AA-88D0-C3DCB71CFB5E}.Release|Any CPU.ActiveCfg = Release|Any CPU
		{C2C66F9C-7DEF-46AA-88D0-C3DCB71CFB5E}.Release|Any CPU.Build.0 = Release|Any CPU
		{93887DA2-F638-4CA4-8A7D-7FF06407C8CD}.Debug|Any CPU.ActiveCfg = Debug|Any CPU
		{93887DA2-F638-4CA4-8A7D-7FF06407C8CD}.Debug|Any CPU.Build.0 = Debug|Any CPU
		{93887DA2-F638-4CA4-8A7D-7FF06407C8CD}.Release|Any CPU.ActiveCfg = Release|Any CPU
		{93887DA2-F638-4CA4-8A7D-7FF06407C8CD}.Release|Any CPU.Build.0 = Release|Any CPU
		{1AE82A00-F9F4-4E09-9F19-F55A860258A3}.Debug|Any CPU.ActiveCfg = Debug|Any CPU
		{1AE82A00-F9F4-4E09-9F19-F55A860258A3}.Debug|Any CPU.Build.0 = Debug|Any CPU
		{1AE82A00-F9F4-4E09-9F19-F55A860258A3}.Release|Any CPU.ActiveCfg = Release|Any CPU
		{1AE82A00-F9F4-4E09-9F19-F55A860258A3}.Release|Any CPU.Build.0 = Release|Any CPU
		{32FE7446-4544-43A6-BACE-387026B0D2F8}.Debug|Any CPU.ActiveCfg = Debug|Any CPU
		{32FE7446-4544-43A6-BACE-387026B0D2F8}.Debug|Any CPU.Build.0 = Debug|Any CPU
		{32FE7446-4544-43A6-BACE-387026B0D2F8}.Release|Any CPU.ActiveCfg = Release|Any CPU
		{32FE7446-4544-43A6-BACE-387026B0D2F8}.Release|Any CPU.Build.0 = Release|Any CPU
		{AD7E2966-AAEA-4A99-8790-B1C4375CB15F}.Debug|Any CPU.ActiveCfg = Debug|Any CPU
		{AD7E2966-AAEA-4A99-8790-B1C4375CB15F}.Debug|Any CPU.Build.0 = Debug|Any CPU
		{AD7E2966-AAEA-4A99-8790-B1C4375CB15F}.Release|Any CPU.ActiveCfg = Release|Any CPU
		{AD7E2966-AAEA-4A99-8790-B1C4375CB15F}.Release|Any CPU.Build.0 = Release|Any CPU
		{0BB4CB52-8530-4D5F-91C2-C8DFBC550267}.Debug|Any CPU.ActiveCfg = Debug|Any CPU
		{0BB4CB52-8530-4D5F-91C2-C8DFBC550267}.Debug|Any CPU.Build.0 = Debug|Any CPU
		{0BB4CB52-8530-4D5F-91C2-C8DFBC550267}.Release|Any CPU.ActiveCfg = Release|Any CPU
		{0BB4CB52-8530-4D5F-91C2-C8DFBC550267}.Release|Any CPU.Build.0 = Release|Any CPU
		{EF9EED23-BD47-47D8-9CF7-697E39014F93}.Debug|Any CPU.ActiveCfg = Debug|Any CPU
		{EF9EED23-BD47-47D8-9CF7-697E39014F93}.Debug|Any CPU.Build.0 = Debug|Any CPU
		{EF9EED23-BD47-47D8-9CF7-697E39014F93}.Release|Any CPU.ActiveCfg = Release|Any CPU
		{EF9EED23-BD47-47D8-9CF7-697E39014F93}.Release|Any CPU.Build.0 = Release|Any CPU
		{471042E9-6E90-4D5D-BCAC-64478185B580}.Debug|Any CPU.ActiveCfg = Debug|Any CPU
		{471042E9-6E90-4D5D-BCAC-64478185B580}.Debug|Any CPU.Build.0 = Debug|Any CPU
		{471042E9-6E90-4D5D-BCAC-64478185B580}.Release|Any CPU.ActiveCfg = Release|Any CPU
		{471042E9-6E90-4D5D-BCAC-64478185B580}.Release|Any CPU.Build.0 = Release|Any CPU
		{1CA35D5A-91F0-4480-BDFF-2C8DE47CF5C4}.Debug|Any CPU.ActiveCfg = Debug|Any CPU
		{1CA35D5A-91F0-4480-BDFF-2C8DE47CF5C4}.Debug|Any CPU.Build.0 = Debug|Any CPU
		{1CA35D5A-91F0-4480-BDFF-2C8DE47CF5C4}.Release|Any CPU.ActiveCfg = Release|Any CPU
		{1CA35D5A-91F0-4480-BDFF-2C8DE47CF5C4}.Release|Any CPU.Build.0 = Release|Any CPU
		{4724527B-1E78-4E30-9F33-F32DA26D6A6D}.Debug|Any CPU.ActiveCfg = Debug|Any CPU
		{4724527B-1E78-4E30-9F33-F32DA26D6A6D}.Debug|Any CPU.Build.0 = Debug|Any CPU
		{4724527B-1E78-4E30-9F33-F32DA26D6A6D}.Release|Any CPU.ActiveCfg = Release|Any CPU
		{4724527B-1E78-4E30-9F33-F32DA26D6A6D}.Release|Any CPU.Build.0 = Release|Any CPU
		{983323D7-60ED-4A74-AD9E-A207594A6C65}.Debug|Any CPU.ActiveCfg = Debug|Any CPU
		{983323D7-60ED-4A74-AD9E-A207594A6C65}.Debug|Any CPU.Build.0 = Debug|Any CPU
		{983323D7-60ED-4A74-AD9E-A207594A6C65}.Release|Any CPU.ActiveCfg = Release|Any CPU
		{983323D7-60ED-4A74-AD9E-A207594A6C65}.Release|Any CPU.Build.0 = Release|Any CPU
		{20DF934B-0B24-4A97-B6BD-391A08E7B4CF}.Debug|Any CPU.ActiveCfg = Debug|Any CPU
		{20DF934B-0B24-4A97-B6BD-391A08E7B4CF}.Debug|Any CPU.Build.0 = Debug|Any CPU
		{20DF934B-0B24-4A97-B6BD-391A08E7B4CF}.Release|Any CPU.ActiveCfg = Release|Any CPU
		{20DF934B-0B24-4A97-B6BD-391A08E7B4CF}.Release|Any CPU.Build.0 = Release|Any CPU
		{70F450E1-4E5F-45F7-9202-78803C8CC225}.Debug|Any CPU.ActiveCfg = Debug|Any CPU
		{70F450E1-4E5F-45F7-9202-78803C8CC225}.Debug|Any CPU.Build.0 = Debug|Any CPU
		{70F450E1-4E5F-45F7-9202-78803C8CC225}.Release|Any CPU.ActiveCfg = Release|Any CPU
		{70F450E1-4E5F-45F7-9202-78803C8CC225}.Release|Any CPU.Build.0 = Release|Any CPU
		{1D277EBB-586D-4FB0-A2B3-C2218B6EB1EA}.Debug|Any CPU.ActiveCfg = Debug|Any CPU
		{1D277EBB-586D-4FB0-A2B3-C2218B6EB1EA}.Debug|Any CPU.Build.0 = Debug|Any CPU
		{1D277EBB-586D-4FB0-A2B3-C2218B6EB1EA}.Release|Any CPU.ActiveCfg = Release|Any CPU
		{1D277EBB-586D-4FB0-A2B3-C2218B6EB1EA}.Release|Any CPU.Build.0 = Release|Any CPU
		{E77FBCC0-1D82-41A0-A771-9D356E2D68F6}.Debug|Any CPU.ActiveCfg = Debug|Any CPU
		{E77FBCC0-1D82-41A0-A771-9D356E2D68F6}.Debug|Any CPU.Build.0 = Debug|Any CPU
		{E77FBCC0-1D82-41A0-A771-9D356E2D68F6}.Release|Any CPU.ActiveCfg = Release|Any CPU
		{E77FBCC0-1D82-41A0-A771-9D356E2D68F6}.Release|Any CPU.Build.0 = Release|Any CPU
	EndGlobalSection
	GlobalSection(SolutionProperties) = preSolution
		HideSolutionNode = FALSE
	EndGlobalSection
	GlobalSection(ExtensibilityGlobals) = postSolution
		SolutionGuid = {153CCB7C-6B3D-4039-8CBC-282FCC9CE7C3}
	EndGlobalSection
EndGlobal
